
Microsoft Visual Studio Solution File, Format Version 12.00
# Visual Studio 14
VisualStudioVersion = 14.0.25417.0
MinimumVisualStudioVersion = 10.0.40219.1
Project("{2150E333-8FDC-42A3-9474-1A3956D46DE8}") = "src", "src", "{775A04D6-D978-43E6-8649-D61AF1FE09CE}"
EndProject
Project("{2150E333-8FDC-42A3-9474-1A3956D46DE8}") = "Solution Items", "Solution Items", "{661AA4AF-8FDB-455B-B72F-E2703DB5A56F}"
	ProjectSection(SolutionItems) = preProject
		global.json = global.json
	EndProjectSection
EndProject
Project("{8BB2217D-0F2D-49D1-97BC-3654ED321F3B}") = "AspNetCoreWebAppNoAuth", "src\AspNetCoreWebAppNoAuth\AspNetCoreWebAppNoAuth.xproj", "{318CB11E-8BA4-42AF-AB5D-13D361AF871D}"
EndProject
Global
	GlobalSection(SolutionConfigurationPlatforms) = preSolution
		Debug|Any CPU = Debug|Any CPU
		Release|Any CPU = Release|Any CPU
	EndGlobalSection
	GlobalSection(ProjectConfigurationPlatforms) = postSolution
		{318CB11E-8BA4-42AF-AB5D-13D361AF871D}.Debug|Any CPU.ActiveCfg = Debug|Any CPU
		{318CB11E-8BA4-42AF-AB5D-13D361AF871D}.Debug|Any CPU.Build.0 = Debug|Any CPU
		{318CB11E-8BA4-42AF-AB5D-13D361AF871D}.Release|Any CPU.ActiveCfg = Release|Any CPU
		{318CB11E-8BA4-42AF-AB5D-13D361AF871D}.Release|Any CPU.Build.0 = Release|Any CPU
	EndGlobalSection
	GlobalSection(SolutionProperties) = preSolution
		HideSolutionNode = FALSE
	EndGlobalSection
	GlobalSection(NestedProjects) = preSolution
		{318CB11E-8BA4-42AF-AB5D-13D361AF871D} = {775A04D6-D978-43E6-8649-D61AF1FE09CE}
	EndGlobalSection
EndGlobal
